
Microsoft Visual Studio Solution File, Format Version 12.00
# Visual Studio Version 16
VisualStudioVersion = 16.0.29920.165
MinimumVisualStudioVersion = 10.0.40219.1
Project("{FAE04EC0-301F-11D3-BF4B-00C04F79EFBC}") = "Master_Details_Ventanilla_Unica", "Master_Details_Ventanilla_Unica\Master_Details_Ventanilla_Unica.csproj", "{EB1DD86B-BE51-49CA-A448-F637E9E5ECB2}"
EndProject
Global
	GlobalSection(SolutionConfigurationPlatforms) = preSolution
		Debug|Any CPU = Debug|Any CPU
		Release|Any CPU = Release|Any CPU
	EndGlobalSection
	GlobalSection(ProjectConfigurationPlatforms) = postSolution
		{EB1DD86B-BE51-49CA-A448-F637E9E5ECB2}.Debug|Any CPU.ActiveCfg = Debug|Any CPU
		{EB1DD86B-BE51-49CA-A448-F637E9E5ECB2}.Debug|Any CPU.Build.0 = Debug|Any CPU
		{EB1DD86B-BE51-49CA-A448-F637E9E5ECB2}.Release|Any CPU.ActiveCfg = Release|Any CPU
		{EB1DD86B-BE51-49CA-A448-F637E9E5ECB2}.Release|Any CPU.Build.0 = Release|Any CPU
	EndGlobalSection
	GlobalSection(SolutionProperties) = preSolution
		HideSolutionNode = FALSE
	EndGlobalSection
	GlobalSection(ExtensibilityGlobals) = postSolution
		SolutionGuid = {B1AAB0D5-66BE-4ABA-A73E-8E1196636F9A}
	EndGlobalSection
EndGlobal
